
Microsoft Visual Studio Solution File, Format Version 12.00
# Visual Studio Version 16
VisualStudioVersion = 16.0.32510.428
MinimumVisualStudioVersion = 10.0.40219.1
Project("{FAE04EC0-301F-11D3-BF4B-00C04F79EFBC}") = "CranchyLib.fullProfile", "CranchyLib.fullProfile\CranchyLib.fullProfile.csproj", "{7088CBF8-E52C-4809-919C-B3C5EEC68EDA}"
EndProject
Global
	GlobalSection(SolutionConfigurationPlatforms) = preSolution
		Debug|Any CPU = Debug|Any CPU
		Release|Any CPU = Release|Any CPU
	EndGlobalSection
	GlobalSection(ProjectConfigurationPlatforms) = postSolution
		{7088CBF8-E52C-4809-919C-B3C5EEC68EDA}.Debug|Any CPU.ActiveCfg = Debug|Any CPU
		{7088CBF8-E52C-4809-919C-B3C5EEC68EDA}.Debug|Any CPU.Build.0 = Debug|Any CPU
		{7088CBF8-E52C-4809-919C-B3C5EEC68EDA}.Release|Any CPU.ActiveCfg = Release|Any CPU
		{7088CBF8-E52C-4809-919C-B3C5EEC68EDA}.Release|Any CPU.Build.0 = Release|Any CPU
	EndGlobalSection
	GlobalSection(SolutionProperties) = preSolution
		HideSolutionNode = FALSE
	EndGlobalSection
	GlobalSection(ExtensibilityGlobals) = postSolution
		SolutionGuid = {61366DC7-16C0-4B95-9D6A-87EFA435679E}
	EndGlobalSection
EndGlobal
